
Microsoft Visual Studio Solution File, Format Version 12.00
# Visual Studio Version 16
VisualStudioVersion = 16.0.31205.134
MinimumVisualStudioVersion = 10.0.40219.1
Project("{FAE04EC0-301F-11D3-BF4B-00C04F79EFBC}") = "oops", "oops\oops.csproj", "{716FA9C6-7168-4481-AE73-A8334E73F52E}"
EndProject
Global
	GlobalSection(SolutionConfigurationPlatforms) = preSolution
		Debug|Any CPU = Debug|Any CPU
		Release|Any CPU = Release|Any CPU
	EndGlobalSection
	GlobalSection(ProjectConfigurationPlatforms) = postSolution
		{716FA9C6-7168-4481-AE73-A8334E73F52E}.Debug|Any CPU.ActiveCfg = Debug|Any CPU
		{716FA9C6-7168-4481-AE73-A8334E73F52E}.Debug|Any CPU.Build.0 = Debug|Any CPU
		{716FA9C6-7168-4481-AE73-A8334E73F52E}.Release|Any CPU.ActiveCfg = Release|Any CPU
		{716FA9C6-7168-4481-AE73-A8334E73F52E}.Release|Any CPU.Build.0 = Release|Any CPU
	EndGlobalSection
	GlobalSection(SolutionProperties) = preSolution
		HideSolutionNode = FALSE
	EndGlobalSection
	GlobalSection(ExtensibilityGlobals) = postSolution
		SolutionGuid = {85348D36-9D66-44D4-A250-1BE259A08334}
	EndGlobalSection
EndGlobal
