
Microsoft Visual Studio Solution File, Format Version 12.00
# Visual Studio Version 16
VisualStudioVersion = 16.0.31205.134
MinimumVisualStudioVersion = 10.0.40219.1
Project("{FAE04EC0-301F-11D3-BF4B-00C04F79EFBC}") = "genericcollection", "genericcollection\genericcollection.csproj", "{8010A66A-917C-45A5-B2BB-5629B7C6360B}"
EndProject
Global
	GlobalSection(SolutionConfigurationPlatforms) = preSolution
		Debug|Any CPU = Debug|Any CPU
		Release|Any CPU = Release|Any CPU
	EndGlobalSection
	GlobalSection(ProjectConfigurationPlatforms) = postSolution
		{8010A66A-917C-45A5-B2BB-5629B7C6360B}.Debug|Any CPU.ActiveCfg = Debug|Any CPU
		{8010A66A-917C-45A5-B2BB-5629B7C6360B}.Debug|Any CPU.Build.0 = Debug|Any CPU
		{8010A66A-917C-45A5-B2BB-5629B7C6360B}.Release|Any CPU.ActiveCfg = Release|Any CPU
		{8010A66A-917C-45A5-B2BB-5629B7C6360B}.Release|Any CPU.Build.0 = Release|Any CPU
	EndGlobalSection
	GlobalSection(SolutionProperties) = preSolution
		HideSolutionNode = FALSE
	EndGlobalSection
	GlobalSection(ExtensibilityGlobals) = postSolution
		SolutionGuid = {C4BC40F2-1A22-4A0D-A8BC-A3C5EDBD0129}
	EndGlobalSection
EndGlobal
